
Microsoft Visual Studio Solution File, Format Version 12.00
# Visual Studio Version 17
VisualStudioVersion = 17.7.34221.43
MinimumVisualStudioVersion = 10.0.40219.1
Project("{FAE04EC0-301F-11D3-BF4B-00C04F79EFBC}") = "PinPonOyunuC#", "PinPonOyunuC#.csproj", "{1A60344B-DD30-4EBF-8D04-B3E5EC8947D6}"
EndProject
Global
	GlobalSection(SolutionConfigurationPlatforms) = preSolution
		Debug|Any CPU = Debug|Any CPU
		Release|Any CPU = Release|Any CPU
	EndGlobalSection
	GlobalSection(ProjectConfigurationPlatforms) = postSolution
		{1A60344B-DD30-4EBF-8D04-B3E5EC8947D6}.Debug|Any CPU.ActiveCfg = Debug|Any CPU
		{1A60344B-DD30-4EBF-8D04-B3E5EC8947D6}.Debug|Any CPU.Build.0 = Debug|Any CPU
		{1A60344B-DD30-4EBF-8D04-B3E5EC8947D6}.Release|Any CPU.ActiveCfg = Release|Any CPU
		{1A60344B-DD30-4EBF-8D04-B3E5EC8947D6}.Release|Any CPU.Build.0 = Release|Any CPU
	EndGlobalSection
	GlobalSection(SolutionProperties) = preSolution
		HideSolutionNode = FALSE
	EndGlobalSection
	GlobalSection(ExtensibilityGlobals) = postSolution
		SolutionGuid = {2C4CF0D9-A783-473F-9EF7-0DACAC040211}
	EndGlobalSection
EndGlobal
